// !$*UTF8*$!
{
	archiveVersion = 1;
	classes = {
	};
	objectVersion = 46;
	objects = {

/* Begin PBXBuildFile section */
		6C50B71D1B78D1CE00E6899C /* AppDelegate.swift in Sources */ = {isa = PBXBuildFile; fileRef = 6C50B71C1B78D1CE00E6899C /* AppDelegate.swift */; };
		6C50B71F1B78D1CE00E6899C /* CollectionViewController.swift in Sources */ = {isa = PBXBuildFile; fileRef = 6C50B71E1B78D1CE00E6899C /* CollectionViewController.swift */; };
		6C50B7241B78D1CE00E6899C /* Main.storyboard in Resources */ = {isa = PBXBuildFile; fileRef = 6C50B7221B78D1CE00E6899C /* Main.storyboard */; };
		6C50B7261B78D1CE00E6899C /* Assets.xcassets in Resources */ = {isa = PBXBuildFile; fileRef = 6C50B7251B78D1CE00E6899C /* Assets.xcassets */; };
		6C50B7291B78D1CE00E6899C /* LaunchScreen.storyboard in Resources */ = {isa = PBXBuildFile; fileRef = 6C50B7271B78D1CE00E6899C /* LaunchScreen.storyboard */; };
		6C50B7311B78D26F00E6899C /* SchematicDataController.swift in Sources */ = {isa = PBXBuildFile; fileRef = 6C50B7301B78D26F00E6899C /* SchematicDataController.swift */; };
		6C50B7341B78F93C00E6899C /* SectionDescription.swift in Sources */ = {isa = PBXBuildFile; fileRef = 6C50B7331B78F93C00E6899C /* SectionDescription.swift */; };
		6C50B7361B78FDE700E6899C /* CollectionViewLayout.swift in Sources */ = {isa = PBXBuildFile; fileRef = 6C50B7351B78FDE700E6899C /* CollectionViewLayout.swift */; };
		6C50B7381B79259B00E6899C /* SchematicNodeCell.swift in Sources */ = {isa = PBXBuildFile; fileRef = 6C50B7371B79259B00E6899C /* SchematicNodeCell.swift */; };
		6C50B73A1B7925BE00E6899C /* SchematicLayoutAttributes.swift in Sources */ = {isa = PBXBuildFile; fileRef = 6C50B7391B7925BE00E6899C /* SchematicLayoutAttributes.swift */; };
		6C50B73D1B7925E700E6899C /* Node.swift in Sources */ = {isa = PBXBuildFile; fileRef = 6C50B73C1B7925E700E6899C /* Node.swift */; };
		6C50B73F1B79261000E6899C /* Extension.swift in Sources */ = {isa = PBXBuildFile; fileRef = 6C50B73E1B79261000E6899C /* Extension.swift */; };
		E6384CF01B794DC40001A395 /* SchematicConnetorView.swift in Sources */ = {isa = PBXBuildFile; fileRef = E6384CEF1B794DC40001A395 /* SchematicConnetorView.swift */; };
		E66B0AD41B81A6C70014878E /* IndexPathMap.swift in Sources */ = {isa = PBXBuildFile; fileRef = E66B0AD31B81A6C70014878E /* IndexPathMap.swift */; };
		E6891FDA1B80BE410052B643 /* IndexPathExtensions.swift in Sources */ = {isa = PBXBuildFile; fileRef = E6891FD91B80BE410052B643 /* IndexPathExtensions.swift */; };
		E6BD8C6B1B8655CB00679519 /* MyCollectionViewLayout.swift in Sources */ = {isa = PBXBuildFile; fileRef = E6BD8C6A1B8655CB00679519 /* MyCollectionViewLayout.swift */; };
		E6BD8C6D1B86628800679519 /* MyCollectionViewLayoutItemProvider.swift in Sources */ = {isa = PBXBuildFile; fileRef = E6BD8C6C1B86628800679519 /* MyCollectionViewLayoutItemProvider.swift */; };
		E6BD8C701B86F0B700679519 /* MyCollectionViewLayoutItem.swift in Sources */ = {isa = PBXBuildFile; fileRef = E6BD8C6F1B86F0B700679519 /* MyCollectionViewLayoutItem.swift */; };
		E6BD8C721B86F1A900679519 /* AmosLayoutItemsProvider.swift in Sources */ = {isa = PBXBuildFile; fileRef = E6BD8C711B86F1A900679519 /* AmosLayoutItemsProvider.swift */; };
		E6F45EC21B7B215200E78786 /* SchematicLayoutInvalidationContext.swift in Sources */ = {isa = PBXBuildFile; fileRef = E6F45EC11B7B215200E78786 /* SchematicLayoutInvalidationContext.swift */; };
/* End PBXBuildFile section */

/* Begin PBXFileReference section */
		6C50B7191B78D1CE00E6899C /* CollectionView.app */ = {isa = PBXFileReference; explicitFileType = wrapper.application; includeInIndex = 0; path = CollectionView.app; sourceTree = BUILT_PRODUCTS_DIR; };
		6C50B71C1B78D1CE00E6899C /* AppDelegate.swift */ = {isa = PBXFileReference; lastKnownFileType = sourcecode.swift; path = AppDelegate.swift; sourceTree = "<group>"; };
		6C50B71E1B78D1CE00E6899C /* CollectionViewController.swift */ = {isa = PBXFileReference; lastKnownFileType = sourcecode.swift; path = CollectionViewController.swift; sourceTree = "<group>"; };
		6C50B7231B78D1CE00E6899C /* Base */ = {isa = PBXFileReference; lastKnownFileType = file.storyboard; name = Base; path = Base.lproj/Main.storyboard; sourceTree = "<group>"; };
		6C50B7251B78D1CE00E6899C /* Assets.xcassets */ = {isa = PBXFileReference; lastKnownFileType = folder.assetcatalog; path = Assets.xcassets; sourceTree = "<group>"; };
		6C50B7281B78D1CE00E6899C /* Base */ = {isa = PBXFileReference; lastKnownFileType = file.storyboard; name = Base; path = Base.lproj/LaunchScreen.storyboard; sourceTree = "<group>"; };
		6C50B72A1B78D1CE00E6899C /* Info.plist */ = {isa = PBXFileReference; lastKnownFileType = text.plist.xml; path = Info.plist; sourceTree = "<group>"; };
		6C50B7301B78D26F00E6899C /* SchematicDataController.swift */ = {isa = PBXFileReference; fileEncoding = 4; lastKnownFileType = sourcecode.swift; lineEnding = 0; path = SchematicDataController.swift; sourceTree = "<group>"; };
		6C50B7321B78DA1300E6899C /* MyPlayground.playground */ = {isa = PBXFileReference; lastKnownFileType = file.playground; path = MyPlayground.playground; sourceTree = "<group>"; };
		6C50B7331B78F93C00E6899C /* SectionDescription.swift */ = {isa = PBXFileReference; fileEncoding = 4; lastKnownFileType = sourcecode.swift; path = SectionDescription.swift; sourceTree = "<group>"; };
		6C50B7351B78FDE700E6899C /* CollectionViewLayout.swift */ = {isa = PBXFileReference; fileEncoding = 4; lastKnownFileType = sourcecode.swift; path = CollectionViewLayout.swift; sourceTree = "<group>"; };
		6C50B7371B79259B00E6899C /* SchematicNodeCell.swift */ = {isa = PBXFileReference; fileEncoding = 4; lastKnownFileType = sourcecode.swift; path = SchematicNodeCell.swift; sourceTree = "<group>"; };
		6C50B7391B7925BE00E6899C /* SchematicLayoutAttributes.swift */ = {isa = PBXFileReference; fileEncoding = 4; lastKnownFileType = sourcecode.swift; path = SchematicLayoutAttributes.swift; sourceTree = "<group>"; };
		6C50B73C1B7925E700E6899C /* Node.swift */ = {isa = PBXFileReference; fileEncoding = 4; lastKnownFileType = sourcecode.swift; path = Node.swift; sourceTree = "<group>"; };
		6C50B73E1B79261000E6899C /* Extension.swift */ = {isa = PBXFileReference; fileEncoding = 4; lastKnownFileType = sourcecode.swift; path = Extension.swift; sourceTree = "<group>"; };
		E6384CEF1B794DC40001A395 /* SchematicConnetorView.swift */ = {isa = PBXFileReference; fileEncoding = 4; lastKnownFileType = sourcecode.swift; path = SchematicConnetorView.swift; sourceTree = "<group>"; };
		E66B0AD31B81A6C70014878E /* IndexPathMap.swift */ = {isa = PBXFileReference; fileEncoding = 4; lastKnownFileType = sourcecode.swift; path = IndexPathMap.swift; sourceTree = "<group>"; };
		E6891FD91B80BE410052B643 /* IndexPathExtensions.swift */ = {isa = PBXFileReference; fileEncoding = 4; lastKnownFileType = sourcecode.swift; path = IndexPathExtensions.swift; sourceTree = "<group>"; };
		E6BD8C671B84AA1900679519 /* interfaceTypeOfGenericTypeShouldNotContainContextArchetypes.playground */ = {isa = PBXFileReference; lastKnownFileType = file.playground; path = interfaceTypeOfGenericTypeShouldNotContainContextArchetypes.playground; sourceTree = "<group>"; };
		E6BD8C6A1B8655CB00679519 /* MyCollectionViewLayout.swift */ = {isa = PBXFileReference; fileEncoding = 4; lastKnownFileType = sourcecode.swift; path = MyCollectionViewLayout.swift; sourceTree = "<group>"; };
		E6BD8C6C1B86628800679519 /* MyCollectionViewLayoutItemProvider.swift */ = {isa = PBXFileReference; fileEncoding = 4; lastKnownFileType = sourcecode.swift; path = MyCollectionViewLayoutItemProvider.swift; sourceTree = "<group>"; };
		E6BD8C6F1B86F0B700679519 /* MyCollectionViewLayoutItem.swift */ = {isa = PBXFileReference; fileEncoding = 4; lastKnownFileType = sourcecode.swift; path = MyCollectionViewLayoutItem.swift; sourceTree = "<group>"; };
		E6BD8C711B86F1A900679519 /* AmosLayoutItemsProvider.swift */ = {isa = PBXFileReference; fileEncoding = 4; lastKnownFileType = sourcecode.swift; path = AmosLayoutItemsProvider.swift; sourceTree = "<group>"; };
		E6F45EC11B7B215200E78786 /* SchematicLayoutInvalidationContext.swift */ = {isa = PBXFileReference; fileEncoding = 4; lastKnownFileType = sourcecode.swift; path = SchematicLayoutInvalidationContext.swift; sourceTree = "<group>"; };
/* End PBXFileReference section */

/* Begin PBXFrameworksBuildPhase section */
		6C50B7161B78D1CE00E6899C /* Frameworks */ = {
			isa = PBXFrameworksBuildPhase;
			buildActionMask = 2147483647;
			files = (
			);
			runOnlyForDeploymentPostprocessing = 0;
		};
/* End PBXFrameworksBuildPhase section */

/* Begin PBXGroup section */
		6C50B7101B78D1CE00E6899C = {
			isa = PBXGroup;
			children = (
				E6BD8C671B84AA1900679519 /* interfaceTypeOfGenericTypeShouldNotContainContextArchetypes.playground */,
				6C50B7321B78DA1300E6899C /* MyPlayground.playground */,
				6C50B71B1B78D1CE00E6899C /* CollectionView */,
				6C50B71A1B78D1CE00E6899C /* Products */,
			);
			sourceTree = "<group>";
		};
		6C50B71A1B78D1CE00E6899C /* Products */ = {
			isa = PBXGroup;
			children = (
				6C50B7191B78D1CE00E6899C /* CollectionView.app */,
			);
			name = Products;
			sourceTree = "<group>";
		};
		6C50B71B1B78D1CE00E6899C /* CollectionView */ = {
			isa = PBXGroup;
			children = (
				6C50B71C1B78D1CE00E6899C /* AppDelegate.swift */,
				6C50B7331B78F93C00E6899C /* SectionDescription.swift */,
				6C50B73C1B7925E700E6899C /* Node.swift */,
				E6F45EC01B7B212E00E78786 /* Layout */,
				6C50B7301B78D26F00E6899C /* SchematicDataController.swift */,
				E66B0AD31B81A6C70014878E /* IndexPathMap.swift */,
				E6384CEF1B794DC40001A395 /* SchematicConnetorView.swift */,
				6C50B71E1B78D1CE00E6899C /* CollectionViewController.swift */,
				6C50B7371B79259B00E6899C /* SchematicNodeCell.swift */,
				6C50B73E1B79261000E6899C /* Extension.swift */,
				E6891FD91B80BE410052B643 /* IndexPathExtensions.swift */,
				6C50B7221B78D1CE00E6899C /* Main.storyboard */,
				6C50B7251B78D1CE00E6899C /* Assets.xcassets */,
				6C50B7271B78D1CE00E6899C /* LaunchScreen.storyboard */,
				6C50B72A1B78D1CE00E6899C /* Info.plist */,
			);
			path = CollectionView;
			sourceTree = "<group>";
		};
		E6BD8C6E1B86F08600679519 /* Bundle */ = {
			isa = PBXGroup;
			children = (
				E6BD8C6A1B8655CB00679519 /* MyCollectionViewLayout.swift */,
				E6BD8C6C1B86628800679519 /* MyCollectionViewLayoutItemProvider.swift */,
				E6BD8C6F1B86F0B700679519 /* MyCollectionViewLayoutItem.swift */,
				E6BD8C711B86F1A900679519 /* AmosLayoutItemsProvider.swift */,
			);
			name = Bundle;
			sourceTree = "<group>";
		};
		E6F45EC01B7B212E00E78786 /* Layout */ = {
			isa = PBXGroup;
			children = (
				6C50B7391B7925BE00E6899C /* SchematicLayoutAttributes.swift */,
				6C50B7351B78FDE700E6899C /* CollectionViewLayout.swift */,
				E6F45EC11B7B215200E78786 /* SchematicLayoutInvalidationContext.swift */,
				E6BD8C6E1B86F08600679519 /* Bundle */,
			);
			name = Layout;
			sourceTree = "<group>";
		};
/* End PBXGroup section */

/* Begin PBXNativeTarget section */
		6C50B7181B78D1CE00E6899C /* CollectionView */ = {
			isa = PBXNativeTarget;
			buildConfigurationList = 6C50B72D1B78D1CE00E6899C /* Build configuration list for PBXNativeTarget "CollectionView" */;
			buildPhases = (
				6C50B7151B78D1CE00E6899C /* Sources */,
				6C50B7161B78D1CE00E6899C /* Frameworks */,
				6C50B7171B78D1CE00E6899C /* Resources */,
			);
			buildRules = (
			);
			dependencies = (
			);
			name = CollectionView;
			productName = CollectionView;
			productReference = 6C50B7191B78D1CE00E6899C /* CollectionView.app */;
			productType = "com.apple.product-type.application";
		};
/* End PBXNativeTarget section */

/* Begin PBXProject section */
		6C50B7111B78D1CE00E6899C /* Project object */ = {
			isa = PBXProject;
			attributes = {
				LastUpgradeCheck = 0700;
				ORGANIZATIONNAME = "Amos Elmaliah";
				TargetAttributes = {
					6C50B7181B78D1CE00E6899C = {
						CreatedOnToolsVersion = 7.0;
					};
				};
			};
			buildConfigurationList = 6C50B7141B78D1CE00E6899C /* Build configuration list for PBXProject "CollectionView" */;
			compatibilityVersion = "Xcode 3.2";
			developmentRegion = English;
			hasScannedForEncodings = 0;
			knownRegions = (
				en,
				Base,
			);
			mainGroup = 6C50B7101B78D1CE00E6899C;
			productRefGroup = 6C50B71A1B78D1CE00E6899C /* Products */;
			projectDirPath = "";
			projectRoot = "";
			targets = (
				6C50B7181B78D1CE00E6899C /* CollectionView */,
			);
		};
/* End PBXProject section */

/* Begin PBXResourcesBuildPhase section */
		6C50B7171B78D1CE00E6899C /* Resources */ = {
			isa = PBXResourcesBuildPhase;
			buildActionMask = 2147483647;
			files = (
				6C50B7291B78D1CE00E6899C /* LaunchScreen.storyboard in Resources */,
				6C50B7261B78D1CE00E6899C /* Assets.xcassets in Resources */,
				6C50B7241B78D1CE00E6899C /* Main.storyboard in Resources */,
			);
			runOnlyForDeploymentPostprocessing = 0;
		};
/* End PBXResourcesBuildPhase section */

/* Begin PBXSourcesBuildPhase section */
		6C50B7151B78D1CE00E6899C /* Sources */ = {
			isa = PBXSourcesBuildPhase;
			buildActionMask = 2147483647;
			files = (
				6C50B73A1B7925BE00E6899C /* SchematicLayoutAttributes.swift in Sources */,
				6C50B7311B78D26F00E6899C /* SchematicDataController.swift in Sources */,
				6C50B71F1B78D1CE00E6899C /* CollectionViewController.swift in Sources */,
				6C50B73F1B79261000E6899C /* Extension.swift in Sources */,
				6C50B73D1B7925E700E6899C /* Node.swift in Sources */,
				6C50B71D1B78D1CE00E6899C /* AppDelegate.swift in Sources */,
				E6384CF01B794DC40001A395 /* SchematicConnetorView.swift in Sources */,
				6C50B7341B78F93C00E6899C /* SectionDescription.swift in Sources */,
				E6BD8C6D1B86628800679519 /* MyCollectionViewLayoutItemProvider.swift in Sources */,
				E66B0AD41B81A6C70014878E /* IndexPathMap.swift in Sources */,
				E6BD8C701B86F0B700679519 /* MyCollectionViewLayoutItem.swift in Sources */,
				E6F45EC21B7B215200E78786 /* SchematicLayoutInvalidationContext.swift in Sources */,
				E6891FDA1B80BE410052B643 /* IndexPathExtensions.swift in Sources */,
				E6BD8C6B1B8655CB00679519 /* MyCollectionViewLayout.swift in Sources */,
				6C50B7361B78FDE700E6899C /* CollectionViewLayout.swift in Sources */,
				6C50B7381B79259B00E6899C /* SchematicNodeCell.swift in Sources */,
				E6BD8C721B86F1A900679519 /* AmosLayoutItemsProvider.swift in Sources */,
			);
			runOnlyForDeploymentPostprocessing = 0;
		};
/* End PBXSourcesBuildPhase section */

/* Begin PBXVariantGroup section */
		6C50B7221B78D1CE00E6899C /* Main.storyboard */ = {
			isa = PBXVariantGroup;
			children = (
				6C50B7231B78D1CE00E6899C /* Base */,
			);
			name = Main.storyboard;
			sourceTree = "<group>";
		};
		6C50B7271B78D1CE00E6899C /* LaunchScreen.storyboard */ = {
			isa = PBXVariantGroup;
			children = (
				6C50B7281B78D1CE00E6899C /* Base */,
			);
			name = LaunchScreen.storyboard;
			sourceTree = "<group>";
		};
/* End PBXVariantGroup section */

/* Begin XCBuildConfiguration section */
		6C50B72B1B78D1CE00E6899C /* Debug */ = {
			isa = XCBuildConfiguration;
			buildSettings = {
				ALWAYS_SEARCH_USER_PATHS = NO;
				CLANG_CXX_LANGUAGE_STANDARD = "gnu++0x";
				CLANG_CXX_LIBRARY = "libc++";
				CLANG_ENABLE_MODULES = YES;
				CLANG_ENABLE_OBJC_ARC = YES;
				CLANG_WARN_BOOL_CONVERSION = YES;
				CLANG_WARN_CONSTANT_CONVERSION = YES;
				CLANG_WARN_DIRECT_OBJC_ISA_USAGE = YES_ERROR;
				CLANG_WARN_EMPTY_BODY = YES;
				CLANG_WARN_ENUM_CONVERSION = YES;
				CLANG_WARN_INT_CONVERSION = YES;
				CLANG_WARN_OBJC_ROOT_CLASS = YES_ERROR;
				CLANG_WARN_UNREACHABLE_CODE = YES;
				CLANG_WARN__DUPLICATE_METHOD_MATCH = YES;
				"CODE_SIGN_IDENTITY[sdk=iphoneos*]" = "iPhone Developer";
				COPY_PHASE_STRIP = NO;
				DEBUG_INFORMATION_FORMAT = dwarf;
				ENABLE_STRICT_OBJC_MSGSEND = YES;
				ENABLE_TESTABILITY = YES;
				GCC_C_LANGUAGE_STANDARD = gnu99;
				GCC_DYNAMIC_NO_PIC = NO;
				GCC_NO_COMMON_BLOCKS = YES;
				GCC_OPTIMIZATION_LEVEL = 0;
				GCC_PREPROCESSOR_DEFINITIONS = (
					"DEBUG=1",
					"$(inherited)",
				);
				GCC_WARN_64_TO_32_BIT_CONVERSION = YES;
				GCC_WARN_ABOUT_RETURN_TYPE = YES_ERROR;
				GCC_WARN_UNDECLARED_SELECTOR = YES;
				GCC_WARN_UNINITIALIZED_AUTOS = YES_AGGRESSIVE;
				GCC_WARN_UNUSED_FUNCTION = YES;
				GCC_WARN_UNUSED_VARIABLE = YES;
				IPHONEOS_DEPLOYMENT_TARGET = 9.0;
				MTL_ENABLE_DEBUG_INFO = YES;
				ONLY_ACTIVE_ARCH = YES;
				SDKROOT = iphoneos;
				SWIFT_OPTIMIZATION_LEVEL = "-Onone";
			};
			name = Debug;
		};
		6C50B72C1B78D1CE00E6899C /* Release */ = {
			isa = XCBuildConfiguration;
			buildSettings = {
				ALWAYS_SEARCH_USER_PATHS = NO;
				CLANG_CXX_LANGUAGE_STANDARD = "gnu++0x";
				CLANG_CXX_LIBRARY = "libc++";
				CLANG_ENABLE_MODULES = YES;
				CLANG_ENABLE_OBJC_ARC = YES;
				CLANG_WARN_BOOL_CONVERSION = YES;
				CLANG_WARN_CONSTANT_CONVERSION = YES;
				CLANG_WARN_DIRECT_OBJC_ISA_USAGE = YES_ERROR;
				CLANG_WARN_EMPTY_BODY = YES;
				CLANG_WARN_ENUM_CONVERSION = YES;
				CLANG_WARN_INT_CONVERSION = YES;
				CLANG_WARN_OBJC_ROOT_CLASS = YES_ERROR;
				CLANG_WARN_UNREACHABLE_CODE = YES;
				CLANG_WARN__DUPLICATE_METHOD_MATCH = YES;
				"CODE_SIGN_IDENTITY[sdk=iphoneos*]" = "iPhone Developer";
				COPY_PHASE_STRIP = NO;
				DEBUG_INFORMATION_FORMAT = "dwarf-with-dsym";
				ENABLE_NS_ASSERTIONS = NO;
				ENABLE_STRICT_OBJC_MSGSEND = YES;
				GCC_C_LANGUAGE_STANDARD = gnu99;
				GCC_NO_COMMON_BLOCKS = YES;
				GCC_WARN_64_TO_32_BIT_CONVERSION = YES;
				GCC_WARN_ABOUT_RETURN_TYPE = YES_ERROR;
				GCC_WARN_UNDECLARED_SELECTOR = YES;
				GCC_WARN_UNINITIALIZED_AUTOS = YES_AGGRESSIVE;
				GCC_WARN_UNUSED_FUNCTION = YES;
				GCC_WARN_UNUSED_VARIABLE = YES;
				IPHONEOS_DEPLOYMENT_TARGET = 9.0;
				MTL_ENABLE_DEBUG_INFO = NO;
				SDKROOT = iphoneos;
				VALIDATE_PRODUCT = YES;
			};
			name = Release;
		};
		6C50B72E1B78D1CE00E6899C /* Debug */ = {
			isa = XCBuildConfiguration;
			buildSettings = {
				ASSETCATALOG_COMPILER_APPICON_NAME = AppIcon;
				INFOPLIST_FILE = CollectionView/Info.plist;
				LD_RUNPATH_SEARCH_PATHS = "$(inherited) @executable_path/Frameworks";
				PRODUCT_BUNDLE_IDENTIFIER = org.amosel.CollectionView;
				PRODUCT_NAME = "$(TARGET_NAME)";
			};
			name = Debug;
		};
		6C50B72F1B78D1CE00E6899C /* Release */ = {
			isa = XCBuildConfiguration;
			buildSettings = {
				ASSETCATALOG_COMPILER_APPICON_NAME = AppIcon;
				INFOPLIST_FILE = CollectionView/Info.plist;
				LD_RUNPATH_SEARCH_PATHS = "$(inherited) @executable_path/Frameworks";
				PRODUCT_BUNDLE_IDENTIFIER = org.amosel.CollectionView;
				PRODUCT_NAME = "$(TARGET_NAME)";
			};
			name = Release;
		};
/* End XCBuildConfiguration section */

/* Begin XCConfigurationList section */
		6C50B7141B78D1CE00E6899C /* Build configuration list for PBXProject "CollectionView" */ = {
			isa = XCConfigurationList;
			buildConfigurations = (
				6C50B72B1B78D1CE00E6899C /* Debug */,
				6C50B72C1B78D1CE00E6899C /* Release */,
			);
			defaultConfigurationIsVisible = 0;
			defaultConfigurationName = Release;
		};
		6C50B72D1B78D1CE00E6899C /* Build configuration list for PBXNativeTarget "CollectionView" */ = {
			isa = XCConfigurationList;
			buildConfigurations = (
				6C50B72E1B78D1CE00E6899C /* Debug */,
				6C50B72F1B78D1CE00E6899C /* Release */,
			);
			defaultConfigurationIsVisible = 0;
			defaultConfigurationName = Release;
		};
/* End XCConfigurationList section */
	};
	rootObject = 6C50B7111B78D1CE00E6899C /* Project object */;
}
